
Microsoft Visual Studio Solution File, Format Version 12.00
Project("{FAE04EC0-301F-11D3-BF4B-00C04F79EFBC}") = "FuelStationFinal", "FuelStationFinal\FuelStationFinal.csproj", "{F489FDDF-8020-44EB-B8C0-505B20CE47EC}"
EndProject
Global
	GlobalSection(SolutionConfigurationPlatforms) = preSolution
		Debug|Any CPU = Debug|Any CPU
		Release|Any CPU = Release|Any CPU
	EndGlobalSection
	GlobalSection(ProjectConfigurationPlatforms) = postSolution
		{F489FDDF-8020-44EB-B8C0-505B20CE47EC}.Debug|Any CPU.ActiveCfg = Debug|Any CPU
		{F489FDDF-8020-44EB-B8C0-505B20CE47EC}.Debug|Any CPU.Build.0 = Debug|Any CPU
		{F489FDDF-8020-44EB-B8C0-505B20CE47EC}.Release|Any CPU.ActiveCfg = Release|Any CPU
		{F489FDDF-8020-44EB-B8C0-505B20CE47EC}.Release|Any CPU.Build.0 = Release|Any CPU
	EndGlobalSection
EndGlobal
